
Microsoft Visual Studio Solution File, Format Version 12.00
# Visual Studio Version 16
VisualStudioVersion = 16.0.30406.217
MinimumVisualStudioVersion = 10.0.40219.1
Project("{FAE04EC0-301F-11D3-BF4B-00C04F79EFBC}") = "Generals.NET-Server", "Generals.NET-Server\Generals.NET-Server.csproj", "{C5BBAA21-0869-4AE0-B559-09D86298B11E}"
EndProject
Global
	GlobalSection(SolutionConfigurationPlatforms) = preSolution
		Debug|Any CPU = Debug|Any CPU
		Release|Any CPU = Release|Any CPU
	EndGlobalSection
	GlobalSection(ProjectConfigurationPlatforms) = postSolution
		{C5BBAA21-0869-4AE0-B559-09D86298B11E}.Debug|Any CPU.ActiveCfg = Debug|Any CPU
		{C5BBAA21-0869-4AE0-B559-09D86298B11E}.Debug|Any CPU.Build.0 = Debug|Any CPU
		{C5BBAA21-0869-4AE0-B559-09D86298B11E}.Release|Any CPU.ActiveCfg = Release|Any CPU
		{C5BBAA21-0869-4AE0-B559-09D86298B11E}.Release|Any CPU.Build.0 = Release|Any CPU
	EndGlobalSection
	GlobalSection(SolutionProperties) = preSolution
		HideSolutionNode = FALSE
	EndGlobalSection
	GlobalSection(ExtensibilityGlobals) = postSolution
		SolutionGuid = {6202843B-DB12-466A-A23C-6D3D21A6071F}
	EndGlobalSection
EndGlobal
